
Microsoft Visual Studio Solution File, Format Version 12.00
# Visual Studio Version 17
VisualStudioVersion = 17.7.34221.43
MinimumVisualStudioVersion = 10.0.40219.1
Project("{9A19103F-16F7-4668-BE54-9A1E7A4F7556}") = "Logos", "Logos\Logos.csproj", "{02252C04-72E1-499D-A39E-BA76983D6CB7}"
EndProject
Global
	GlobalSection(SolutionConfigurationPlatforms) = preSolution
		Debug|Any CPU = Debug|Any CPU
		Release|Any CPU = Release|Any CPU
	EndGlobalSection
	GlobalSection(ProjectConfigurationPlatforms) = postSolution
		{02252C04-72E1-499D-A39E-BA76983D6CB7}.Debug|Any CPU.ActiveCfg = Debug|Any CPU
		{02252C04-72E1-499D-A39E-BA76983D6CB7}.Debug|Any CPU.Build.0 = Debug|Any CPU
		{02252C04-72E1-499D-A39E-BA76983D6CB7}.Release|Any CPU.ActiveCfg = Release|Any CPU
		{02252C04-72E1-499D-A39E-BA76983D6CB7}.Release|Any CPU.Build.0 = Release|Any CPU
	EndGlobalSection
	GlobalSection(SolutionProperties) = preSolution
		HideSolutionNode = FALSE
	EndGlobalSection
	GlobalSection(ExtensibilityGlobals) = postSolution
		SolutionGuid = {0E86FE61-5361-446F-9C2D-5AB8073B8D7B}
	EndGlobalSection
EndGlobal
